// !$*UTF8*$!
{
	archiveVersion = 1;
	classes = {
	};
	objectVersion = 46;
	objects = {

/* Begin PBXBuildFile section */
		A00637EE19071944003DA952 /* README.txt in Resources */ = {isa = PBXBuildFile; fileRef = A00637ED19071944003DA952 /* README.txt */; };
		A00637F119071CFB003DA952 /* TOTestCase.m in Sources */ = {isa = PBXBuildFile; fileRef = A00637F019071CFB003DA952 /* TOTestCase.m */; };
		A01978551905E20000931A6B /* Foundation.framework in Frameworks */ = {isa = PBXBuildFile; fileRef = A02FB83C18FF2E9800C97AC6 /* Foundation.framework */; };
		A01978561905E20000931A6B /* CoreGraphics.framework in Frameworks */ = {isa = PBXBuildFile; fileRef = A02FB83E18FF2E9800C97AC6 /* CoreGraphics.framework */; };
		A01978571905E20000931A6B /* UIKit.framework in Frameworks */ = {isa = PBXBuildFile; fileRef = A02FB84018FF2E9800C97AC6 /* UIKit.framework */; };
		A019785D1905E20000931A6B /* InfoPlist.strings in Resources */ = {isa = PBXBuildFile; fileRef = A019785B1905E20000931A6B /* InfoPlist.strings */; };
		A019785F1905E20000931A6B /* main.m in Sources */ = {isa = PBXBuildFile; fileRef = A019785E1905E20000931A6B /* main.m */; };
		A019787E1905E24700931A6B /* QuartzCore.framework in Frameworks */ = {isa = PBXBuildFile; fileRef = A019784C1905DFD100931A6B /* QuartzCore.framework */; };
		A01978801905E26000931A6B /* GHUnitIOS.framework in Frameworks */ = {isa = PBXBuildFile; fileRef = A019787F1905E26000931A6B /* GHUnitIOS.framework */; };
		A02FB83D18FF2E9800C97AC6 /* Foundation.framework in Frameworks */ = {isa = PBXBuildFile; fileRef = A02FB83C18FF2E9800C97AC6 /* Foundation.framework */; };
		A02FB83F18FF2E9800C97AC6 /* CoreGraphics.framework in Frameworks */ = {isa = PBXBuildFile; fileRef = A02FB83E18FF2E9800C97AC6 /* CoreGraphics.framework */; };
		A02FB84118FF2E9800C97AC6 /* UIKit.framework in Frameworks */ = {isa = PBXBuildFile; fileRef = A02FB84018FF2E9800C97AC6 /* UIKit.framework */; };
		A02FB84718FF2E9800C97AC6 /* InfoPlist.strings in Resources */ = {isa = PBXBuildFile; fileRef = A02FB84518FF2E9800C97AC6 /* InfoPlist.strings */; };
		A02FB84918FF2E9800C97AC6 /* main.m in Sources */ = {isa = PBXBuildFile; fileRef = A02FB84818FF2E9800C97AC6 /* main.m */; };
		A02FB84D18FF2E9800C97AC6 /* TOAppDelegate.m in Sources */ = {isa = PBXBuildFile; fileRef = A02FB84C18FF2E9800C97AC6 /* TOAppDelegate.m */; };
		A02FB84F18FF2E9800C97AC6 /* Images.xcassets in Resources */ = {isa = PBXBuildFile; fileRef = A02FB84E18FF2E9800C97AC6 /* Images.xcassets */; };
		A05DDAA1191BF5CB00C030EE /* TOPeriodContainer.m in Sources */ = {isa = PBXBuildFile; fileRef = A05DDAA0191BF5CB00C030EE /* TOPeriodContainer.m */; };
		A05DDAA2191BF5E300C030EE /* TOPeriodContainer.m in Sources */ = {isa = PBXBuildFile; fileRef = A05DDAA0191BF5CB00C030EE /* TOPeriodContainer.m */; };
		A0844488190F0282009BCB1A /* TOPeriod.m in Sources */ = {isa = PBXBuildFile; fileRef = A0844487190F0282009BCB1A /* TOPeriod.m */; };
		A084448B190F02A0009BCB1A /* TOWorkPlan.m in Sources */ = {isa = PBXBuildFile; fileRef = A084448A190F02A0009BCB1A /* TOWorkPlan.m */; };
		A08651E2190EFED400B2743A /* README.txt in Resources */ = {isa = PBXBuildFile; fileRef = A08651E1190EFED400B2743A /* README.txt */; };
		A0EC40F219115D5D00FD59AE /* TOPeriod.m in Sources */ = {isa = PBXBuildFile; fileRef = A0844487190F0282009BCB1A /* TOPeriod.m */; };
		A0EC40F31911620500FD59AE /* TOClock.m in Sources */ = {isa = PBXBuildFile; fileRef = D72F28CC19072FDA00737AD5 /* TOClock.m */; };
		A0EC40F41911620500FD59AE /* TOWorkPlan.m in Sources */ = {isa = PBXBuildFile; fileRef = A084448A190F02A0009BCB1A /* TOWorkPlan.m */; };
		D72F28CD19072FDA00737AD5 /* TOClock.m in Sources */ = {isa = PBXBuildFile; fileRef = D72F28CC19072FDA00737AD5 /* TOClock.m */; };
		D7767EF71911AC940001C252 /* TOTestClock.m in Sources */ = {isa = PBXBuildFile; fileRef = D7767EF61911AC940001C252 /* TOTestClock.m */; };
		D7767F031911C2970001C252 /* libOCMock.a in Frameworks */ = {isa = PBXBuildFile; fileRef = D7767F021911C2710001C252 /* libOCMock.a */; };
/* End PBXBuildFile section */

/* Begin PBXFileReference section */
		A00637ED19071944003DA952 /* README.txt */ = {isa = PBXFileReference; fileEncoding = 4; lastKnownFileType = text; path = README.txt; sourceTree = "<group>"; };
		A00637F019071CFB003DA952 /* TOTestCase.m */ = {isa = PBXFileReference; fileEncoding = 4; lastKnownFileType = sourcecode.c.objc; path = TOTestCase.m; sourceTree = "<group>"; };
		A019784C1905DFD100931A6B /* QuartzCore.framework */ = {isa = PBXFileReference; lastKnownFileType = wrapper.framework; name = QuartzCore.framework; path = System/Library/Frameworks/QuartzCore.framework; sourceTree = SDKROOT; };
		A01978541905E20000931A6B /* TomatodoroTest.app */ = {isa = PBXFileReference; explicitFileType = wrapper.application; includeInIndex = 0; path = TomatodoroTest.app; sourceTree = BUILT_PRODUCTS_DIR; };
		A019785A1905E20000931A6B /* TomatodoroTest-Info.plist */ = {isa = PBXFileReference; lastKnownFileType = text.plist.xml; path = "TomatodoroTest-Info.plist"; sourceTree = "<group>"; };
		A019785C1905E20000931A6B /* en */ = {isa = PBXFileReference; lastKnownFileType = text.plist.strings; name = en; path = en.lproj/InfoPlist.strings; sourceTree = "<group>"; };
		A019785E1905E20000931A6B /* main.m */ = {isa = PBXFileReference; lastKnownFileType = sourcecode.c.objc; path = main.m; sourceTree = "<group>"; };
		A01978601905E20000931A6B /* TomatodoroTest-Prefix.pch */ = {isa = PBXFileReference; lastKnownFileType = sourcecode.c.h; path = "TomatodoroTest-Prefix.pch"; sourceTree = "<group>"; };
		A019787F1905E26000931A6B /* GHUnitIOS.framework */ = {isa = PBXFileReference; lastKnownFileType = wrapper.framework; name = GHUnitIOS.framework; path = TomatodoroTest/GHUnitIOS.framework; sourceTree = "<group>"; };
		A02FB83918FF2E9800C97AC6 /* Tomatodoro.app */ = {isa = PBXFileReference; explicitFileType = wrapper.application; includeInIndex = 0; path = Tomatodoro.app; sourceTree = BUILT_PRODUCTS_DIR; };
		A02FB83C18FF2E9800C97AC6 /* Foundation.framework */ = {isa = PBXFileReference; lastKnownFileType = wrapper.framework; name = Foundation.framework; path = System/Library/Frameworks/Foundation.framework; sourceTree = SDKROOT; };
		A02FB83E18FF2E9800C97AC6 /* CoreGraphics.framework */ = {isa = PBXFileReference; lastKnownFileType = wrapper.framework; name = CoreGraphics.framework; path = System/Library/Frameworks/CoreGraphics.framework; sourceTree = SDKROOT; };
		A02FB84018FF2E9800C97AC6 /* UIKit.framework */ = {isa = PBXFileReference; lastKnownFileType = wrapper.framework; name = UIKit.framework; path = System/Library/Frameworks/UIKit.framework; sourceTree = SDKROOT; };
		A02FB84418FF2E9800C97AC6 /* Tomatodoro-Info.plist */ = {isa = PBXFileReference; lastKnownFileType = text.plist.xml; path = "Tomatodoro-Info.plist"; sourceTree = "<group>"; };
		A02FB84618FF2E9800C97AC6 /* en */ = {isa = PBXFileReference; lastKnownFileType = text.plist.strings; name = en; path = en.lproj/InfoPlist.strings; sourceTree = "<group>"; };
		A02FB84818FF2E9800C97AC6 /* main.m */ = {isa = PBXFileReference; lastKnownFileType = sourcecode.c.objc; path = main.m; sourceTree = "<group>"; };
		A02FB84A18FF2E9800C97AC6 /* Tomatodoro-Prefix.pch */ = {isa = PBXFileReference; lastKnownFileType = sourcecode.c.h; path = "Tomatodoro-Prefix.pch"; sourceTree = "<group>"; };
		A02FB84B18FF2E9800C97AC6 /* TOAppDelegate.h */ = {isa = PBXFileReference; lastKnownFileType = sourcecode.c.h; path = TOAppDelegate.h; sourceTree = "<group>"; };
		A02FB84C18FF2E9800C97AC6 /* TOAppDelegate.m */ = {isa = PBXFileReference; lastKnownFileType = sourcecode.c.objc; path = TOAppDelegate.m; sourceTree = "<group>"; };
		A02FB84E18FF2E9800C97AC6 /* Images.xcassets */ = {isa = PBXFileReference; lastKnownFileType = folder.assetcatalog; path = Images.xcassets; sourceTree = "<group>"; };
		A02FB85518FF2E9800C97AC6 /* XCTest.framework */ = {isa = PBXFileReference; lastKnownFileType = wrapper.framework; name = XCTest.framework; path = Library/Frameworks/XCTest.framework; sourceTree = DEVELOPER_DIR; };
		A05DDA9F191BF5CB00C030EE /* TOPeriodContainer.h */ = {isa = PBXFileReference; fileEncoding = 4; lastKnownFileType = sourcecode.c.h; path = TOPeriodContainer.h; sourceTree = "<group>"; };
		A05DDAA0191BF5CB00C030EE /* TOPeriodContainer.m */ = {isa = PBXFileReference; fileEncoding = 4; lastKnownFileType = sourcecode.c.objc; path = TOPeriodContainer.m; sourceTree = "<group>"; };
		A0844486190F0282009BCB1A /* TOPeriod.h */ = {isa = PBXFileReference; fileEncoding = 4; lastKnownFileType = sourcecode.c.h; path = TOPeriod.h; sourceTree = "<group>"; };
		A0844487190F0282009BCB1A /* TOPeriod.m */ = {isa = PBXFileReference; fileEncoding = 4; lastKnownFileType = sourcecode.c.objc; path = TOPeriod.m; sourceTree = "<group>"; };
		A0844489190F02A0009BCB1A /* TOWorkPlan.h */ = {isa = PBXFileReference; fileEncoding = 4; lastKnownFileType = sourcecode.c.h; path = TOWorkPlan.h; sourceTree = "<group>"; };
		A084448A190F02A0009BCB1A /* TOWorkPlan.m */ = {isa = PBXFileReference; fileEncoding = 4; lastKnownFileType = sourcecode.c.objc; path = TOWorkPlan.m; sourceTree = "<group>"; };
		A08651E1190EFED400B2743A /* README.txt */ = {isa = PBXFileReference; fileEncoding = 4; lastKnownFileType = text; path = README.txt; sourceTree = "<group>"; };
		D72F28CB19072FDA00737AD5 /* TOClock.h */ = {isa = PBXFileReference; fileEncoding = 4; lastKnownFileType = sourcecode.c.h; path = TOClock.h; sourceTree = "<group>"; };
		D72F28CC19072FDA00737AD5 /* TOClock.m */ = {isa = PBXFileReference; fileEncoding = 4; lastKnownFileType = sourcecode.c.objc; path = TOClock.m; sourceTree = "<group>"; };
		D7767EF61911AC940001C252 /* TOTestClock.m */ = {isa = PBXFileReference; fileEncoding = 4; lastKnownFileType = sourcecode.c.objc; path = TOTestClock.m; sourceTree = "<group>"; };
		D7767EFB1911C2710001C252 /* NSNotificationCenter+OCMAdditions.h */ = {isa = PBXFileReference; lastKnownFileType = sourcecode.c.h; path = "NSNotificationCenter+OCMAdditions.h"; sourceTree = "<group>"; };
		D7767EFC1911C2710001C252 /* OCMArg.h */ = {isa = PBXFileReference; lastKnownFileType = sourcecode.c.h; path = OCMArg.h; sourceTree = "<group>"; };
		D7767EFD1911C2710001C252 /* OCMConstraint.h */ = {isa = PBXFileReference; lastKnownFileType = sourcecode.c.h; path = OCMConstraint.h; sourceTree = "<group>"; };
		D7767EFE1911C2710001C252 /* OCMock.h */ = {isa = PBXFileReference; lastKnownFileType = sourcecode.c.h; path = OCMock.h; sourceTree = "<group>"; };
		D7767EFF1911C2710001C252 /* OCMockObject.h */ = {isa = PBXFileReference; lastKnownFileType = sourcecode.c.h; path = OCMockObject.h; sourceTree = "<group>"; };
		D7767F001911C2710001C252 /* OCMockRecorder.h */ = {isa = PBXFileReference; lastKnownFileType = sourcecode.c.h; path = OCMockRecorder.h; sourceTree = "<group>"; };
		D7767F021911C2710001C252 /* libOCMock.a */ = {isa = PBXFileReference; lastKnownFileType = archive.ar; path = libOCMock.a; sourceTree = "<group>"; };
/* End PBXFileReference section */

/* Begin PBXFrameworksBuildPhase section */
		A01978511905E20000931A6B /* Frameworks */ = {
			isa = PBXFrameworksBuildPhase;
			buildActionMask = 2147483647;
			files = (
				D7767F031911C2970001C252 /* libOCMock.a in Frameworks */,
				A01978801905E26000931A6B /* GHUnitIOS.framework in Frameworks */,
				A019787E1905E24700931A6B /* QuartzCore.framework in Frameworks */,
				A01978561905E20000931A6B /* CoreGraphics.framework in Frameworks */,
				A01978571905E20000931A6B /* UIKit.framework in Frameworks */,
				A01978551905E20000931A6B /* Foundation.framework in Frameworks */,
			);
			runOnlyForDeploymentPostprocessing = 0;
		};
		A02FB83618FF2E9800C97AC6 /* Frameworks */ = {
			isa = PBXFrameworksBuildPhase;
			buildActionMask = 2147483647;
			files = (
				A02FB83F18FF2E9800C97AC6 /* CoreGraphics.framework in Frameworks */,
				A02FB84118FF2E9800C97AC6 /* UIKit.framework in Frameworks */,
				A02FB83D18FF2E9800C97AC6 /* Foundation.framework in Frameworks */,
			);
			runOnlyForDeploymentPostprocessing = 0;
		};
/* End PBXFrameworksBuildPhase section */

/* Begin PBXGroup section */
		A01978581905E20000931A6B /* TomatodoroTest */ = {
			isa = PBXGroup;
			children = (
				A01978591905E20000931A6B /* Supporting Files */,
				A00637ED19071944003DA952 /* README.txt */,
				A00637F019071CFB003DA952 /* TOTestCase.m */,
				D7767EF61911AC940001C252 /* TOTestClock.m */,
			);
			path = TomatodoroTest;
			sourceTree = "<group>";
		};
		A01978591905E20000931A6B /* Supporting Files */ = {
			isa = PBXGroup;
			children = (
				A019785A1905E20000931A6B /* TomatodoroTest-Info.plist */,
				A019785B1905E20000931A6B /* InfoPlist.strings */,
				A019785E1905E20000931A6B /* main.m */,
				A01978601905E20000931A6B /* TomatodoroTest-Prefix.pch */,
			);
			name = "Supporting Files";
			sourceTree = "<group>";
		};
		A02FB83018FF2E9700C97AC6 = {
			isa = PBXGroup;
			children = (
				A02FB84218FF2E9800C97AC6 /* Tomatodoro */,
				A01978581905E20000931A6B /* TomatodoroTest */,
				A02FB83B18FF2E9800C97AC6 /* Frameworks */,
				A02FB83A18FF2E9800C97AC6 /* Products */,
			);
			sourceTree = "<group>";
		};
		A02FB83A18FF2E9800C97AC6 /* Products */ = {
			isa = PBXGroup;
			children = (
				A02FB83918FF2E9800C97AC6 /* Tomatodoro.app */,
				A01978541905E20000931A6B /* TomatodoroTest.app */,
			);
			name = Products;
			sourceTree = "<group>";
		};
		A02FB83B18FF2E9800C97AC6 /* Frameworks */ = {
			isa = PBXGroup;
			children = (
				D7767EF81911C2710001C252 /* usr */,
				A019787F1905E26000931A6B /* GHUnitIOS.framework */,
				A019784C1905DFD100931A6B /* QuartzCore.framework */,
				A02FB83C18FF2E9800C97AC6 /* Foundation.framework */,
				A02FB83E18FF2E9800C97AC6 /* CoreGraphics.framework */,
				A02FB84018FF2E9800C97AC6 /* UIKit.framework */,
				A02FB85518FF2E9800C97AC6 /* XCTest.framework */,
			);
			name = Frameworks;
			sourceTree = "<group>";
		};
		A02FB84218FF2E9800C97AC6 /* Tomatodoro */ = {
			isa = PBXGroup;
			children = (
				A02FB84B18FF2E9800C97AC6 /* TOAppDelegate.h */,
				A02FB84C18FF2E9800C97AC6 /* TOAppDelegate.m */,
				A02FB84E18FF2E9800C97AC6 /* Images.xcassets */,
				A02FB84318FF2E9800C97AC6 /* Supporting Files */,
				D72F28CB19072FDA00737AD5 /* TOClock.h */,
				D72F28CC19072FDA00737AD5 /* TOClock.m */,
				A0844486190F0282009BCB1A /* TOPeriod.h */,
				A0844487190F0282009BCB1A /* TOPeriod.m */,
				A0844489190F02A0009BCB1A /* TOWorkPlan.h */,
				A084448A190F02A0009BCB1A /* TOWorkPlan.m */,
				A08651E1190EFED400B2743A /* README.txt */,
				A05DDA9F191BF5CB00C030EE /* TOPeriodContainer.h */,
				A05DDAA0191BF5CB00C030EE /* TOPeriodContainer.m */,
			);
			path = Tomatodoro;
			sourceTree = "<group>";
		};
		A02FB84318FF2E9800C97AC6 /* Supporting Files */ = {
			isa = PBXGroup;
			children = (
				A02FB84418FF2E9800C97AC6 /* Tomatodoro-Info.plist */,
				A02FB84518FF2E9800C97AC6 /* InfoPlist.strings */,
				A02FB84818FF2E9800C97AC6 /* main.m */,
				A02FB84A18FF2E9800C97AC6 /* Tomatodoro-Prefix.pch */,
			);
			name = "Supporting Files";
			sourceTree = "<group>";
		};
		D7767EF81911C2710001C252 /* usr */ = {
			isa = PBXGroup;
			children = (
				D7767EF91911C2710001C252 /* include */,
				D7767F011911C2710001C252 /* lib */,
			);
			path = usr;
			sourceTree = "<group>";
		};
		D7767EF91911C2710001C252 /* include */ = {
			isa = PBXGroup;
			children = (
				D7767EFA1911C2710001C252 /* OCMock */,
			);
			path = include;
			sourceTree = "<group>";
		};
		D7767EFA1911C2710001C252 /* OCMock */ = {
			isa = PBXGroup;
			children = (
				D7767EFB1911C2710001C252 /* NSNotificationCenter+OCMAdditions.h */,
				D7767EFC1911C2710001C252 /* OCMArg.h */,
				D7767EFD1911C2710001C252 /* OCMConstraint.h */,
				D7767EFE1911C2710001C252 /* OCMock.h */,
				D7767EFF1911C2710001C252 /* OCMockObject.h */,
				D7767F001911C2710001C252 /* OCMockRecorder.h */,
			);
			path = OCMock;
			sourceTree = "<group>";
		};
		D7767F011911C2710001C252 /* lib */ = {
			isa = PBXGroup;
			children = (
				D7767F021911C2710001C252 /* libOCMock.a */,
			);
			path = lib;
			sourceTree = "<group>";
		};
/* End PBXGroup section */

/* Begin PBXNativeTarget section */
		A01978531905E20000931A6B /* TomatodoroTest */ = {
			isa = PBXNativeTarget;
			buildConfigurationList = A01978781905E20000931A6B /* Build configuration list for PBXNativeTarget "TomatodoroTest" */;
			buildPhases = (
				A01978501905E20000931A6B /* Sources */,
				A01978511905E20000931A6B /* Frameworks */,
				A01978521905E20000931A6B /* Resources */,
			);
			buildRules = (
			);
			dependencies = (
			);
			name = TomatodoroTest;
			productName = TomatodoroTest;
			productReference = A01978541905E20000931A6B /* TomatodoroTest.app */;
			productType = "com.apple.product-type.application";
		};
		A02FB83818FF2E9800C97AC6 /* Tomatodoro */ = {
			isa = PBXNativeTarget;
			buildConfigurationList = A02FB86518FF2E9800C97AC6 /* Build configuration list for PBXNativeTarget "Tomatodoro" */;
			buildPhases = (
				A02FB83518FF2E9800C97AC6 /* Sources */,
				A02FB83618FF2E9800C97AC6 /* Frameworks */,
				A02FB83718FF2E9800C97AC6 /* Resources */,
			);
			buildRules = (
			);
			dependencies = (
			);
			name = Tomatodoro;
			productName = Tomatodoro;
			productReference = A02FB83918FF2E9800C97AC6 /* Tomatodoro.app */;
			productType = "com.apple.product-type.application";
		};
/* End PBXNativeTarget section */

/* Begin PBXProject section */
		A02FB83118FF2E9700C97AC6 /* Project object */ = {
			isa = PBXProject;
			attributes = {
				CLASSPREFIX = TO;
				LastUpgradeCheck = 0510;
				ORGANIZATIONNAME = NeblinaSoft;
			};
			buildConfigurationList = A02FB83418FF2E9700C97AC6 /* Build configuration list for PBXProject "Tomatodoro" */;
			compatibilityVersion = "Xcode 3.2";
			developmentRegion = English;
			hasScannedForEncodings = 0;
			knownRegions = (
				en,
			);
			mainGroup = A02FB83018FF2E9700C97AC6;
			productRefGroup = A02FB83A18FF2E9800C97AC6 /* Products */;
			projectDirPath = "";
			projectRoot = "";
			targets = (
				A02FB83818FF2E9800C97AC6 /* Tomatodoro */,
				A01978531905E20000931A6B /* TomatodoroTest */,
			);
		};
/* End PBXProject section */

/* Begin PBXResourcesBuildPhase section */
		A01978521905E20000931A6B /* Resources */ = {
			isa = PBXResourcesBuildPhase;
			buildActionMask = 2147483647;
			files = (
				A00637EE19071944003DA952 /* README.txt in Resources */,
				A019785D1905E20000931A6B /* InfoPlist.strings in Resources */,
			);
			runOnlyForDeploymentPostprocessing = 0;
		};
		A02FB83718FF2E9800C97AC6 /* Resources */ = {
			isa = PBXResourcesBuildPhase;
			buildActionMask = 2147483647;
			files = (
				A02FB84718FF2E9800C97AC6 /* InfoPlist.strings in Resources */,
				A08651E2190EFED400B2743A /* README.txt in Resources */,
				A02FB84F18FF2E9800C97AC6 /* Images.xcassets in Resources */,
			);
			runOnlyForDeploymentPostprocessing = 0;
		};
/* End PBXResourcesBuildPhase section */

/* Begin PBXSourcesBuildPhase section */
		A01978501905E20000931A6B /* Sources */ = {
			isa = PBXSourcesBuildPhase;
			buildActionMask = 2147483647;
			files = (
				A05DDAA2191BF5E300C030EE /* TOPeriodContainer.m in Sources */,
				A0EC40F31911620500FD59AE /* TOClock.m in Sources */,
				D7767EF71911AC940001C252 /* TOTestClock.m in Sources */,
				A0EC40F41911620500FD59AE /* TOWorkPlan.m in Sources */,
				A0EC40F219115D5D00FD59AE /* TOPeriod.m in Sources */,
				A00637F119071CFB003DA952 /* TOTestCase.m in Sources */,
				A019785F1905E20000931A6B /* main.m in Sources */,
			);
			runOnlyForDeploymentPostprocessing = 0;
		};
		A02FB83518FF2E9800C97AC6 /* Sources */ = {
			isa = PBXSourcesBuildPhase;
			buildActionMask = 2147483647;
			files = (
				A084448B190F02A0009BCB1A /* TOWorkPlan.m in Sources */,
				A02FB84918FF2E9800C97AC6 /* main.m in Sources */,
				A02FB84D18FF2E9800C97AC6 /* TOAppDelegate.m in Sources */,
				A05DDAA1191BF5CB00C030EE /* TOPeriodContainer.m in Sources */,
				D72F28CD19072FDA00737AD5 /* TOClock.m in Sources */,
				A0844488190F0282009BCB1A /* TOPeriod.m in Sources */,
			);
			runOnlyForDeploymentPostprocessing = 0;
		};
/* End PBXSourcesBuildPhase section */

/* Begin PBXVariantGroup section */
		A019785B1905E20000931A6B /* InfoPlist.strings */ = {
			isa = PBXVariantGroup;
			children = (
				A019785C1905E20000931A6B /* en */,
			);
			name = InfoPlist.strings;
			sourceTree = "<group>";
		};
		A02FB84518FF2E9800C97AC6 /* InfoPlist.strings */ = {
			isa = PBXVariantGroup;
			children = (
				A02FB84618FF2E9800C97AC6 /* en */,
			);
			name = InfoPlist.strings;
			sourceTree = "<group>";
		};
/* End PBXVariantGroup section */

/* Begin XCBuildConfiguration section */
		A01978791905E20000931A6B /* Debug */ = {
			isa = XCBuildConfiguration;
			buildSettings = {
				ASSETCATALOG_COMPILER_APPICON_NAME = AppIcon;
				ASSETCATALOG_COMPILER_LAUNCHIMAGE_NAME = LaunchImage;
				BUNDLE_LOADER = "";
				FRAMEWORK_SEARCH_PATHS = (
					"$(inherited)",
					"$(PROJECT_DIR)/TomatodoroTest",
					"$(PROJECT_DIR)/usr/include",
				);
				GCC_PRECOMPILE_PREFIX_HEADER = YES;
				GCC_PREFIX_HEADER = "TomatodoroTest/TomatodoroTest-Prefix.pch";
				GCC_PREPROCESSOR_DEFINITIONS = (
					"DEBUG=1",
					"$(inherited)",
				);
				GCC_SYMBOLS_PRIVATE_EXTERN = NO;
				HEADER_SEARCH_PATHS = (
					"$(inherited)",
					/Applications/Xcode.app/Contents/Developer/Toolchains/XcodeDefault.xctoolchain/usr/include,
					"\"$(SRCROOT)/usr/include\"",
				);
				INFOPLIST_FILE = "TomatodoroTest/TomatodoroTest-Info.plist";
				LIBRARY_SEARCH_PATHS = (
					"$(inherited)",
					"$(PROJECT_DIR)/usr/lib",
				);
				OTHER_LDFLAGS = (
					"$(SRCROOT)/usr/lib/libOCMock.a",
					"-ObjC",
				);
				PRODUCT_NAME = "$(TARGET_NAME)";
				TEST_HOST = "";
				WRAPPER_EXTENSION = app;
			};
			name = Debug;
		};
		A019787A1905E20000931A6B /* Release */ = {
			isa = XCBuildConfiguration;
			buildSettings = {
				ASSETCATALOG_COMPILER_APPICON_NAME = AppIcon;
				ASSETCATALOG_COMPILER_LAUNCHIMAGE_NAME = LaunchImage;
				BUNDLE_LOADER = "";
				FRAMEWORK_SEARCH_PATHS = (
					"$(inherited)",
					"$(PROJECT_DIR)/TomatodoroTest",
					"$(PROJECT_DIR)/usr/include",
				);
				GCC_PRECOMPILE_PREFIX_HEADER = YES;
				GCC_PREFIX_HEADER = "TomatodoroTest/TomatodoroTest-Prefix.pch";
				GCC_SYMBOLS_PRIVATE_EXTERN = NO;
				HEADER_SEARCH_PATHS = (
					"$(inherited)",
					/Applications/Xcode.app/Contents/Developer/Toolchains/XcodeDefault.xctoolchain/usr/include,
					"\"$(SRCROOT)/usr/include\"",
				);
				INFOPLIST_FILE = "TomatodoroTest/TomatodoroTest-Info.plist";
				LIBRARY_SEARCH_PATHS = (
					"$(inherited)",
					"$(PROJECT_DIR)/usr/lib",
				);
				OTHER_LDFLAGS = (
					"$(SRCROOT)/usr/lib/libOCMock.a",
					"-ObjC",
				);
				PRODUCT_NAME = "$(TARGET_NAME)";
				TEST_HOST = "";
				WRAPPER_EXTENSION = app;
			};
			name = Release;
		};
		A02FB86318FF2E9800C97AC6 /* Debug */ = {
			isa = XCBuildConfiguration;
			buildSettings = {
				ALWAYS_SEARCH_USER_PATHS = NO;
				CLANG_CXX_LANGUAGE_STANDARD = "gnu++0x";
				CLANG_CXX_LIBRARY = "libc++";
				CLANG_ENABLE_MODULES = YES;
				CLANG_ENABLE_OBJC_ARC = YES;
				CLANG_WARN_BOOL_CONVERSION = YES;
				CLANG_WARN_CONSTANT_CONVERSION = YES;
				CLANG_WARN_DIRECT_OBJC_ISA_USAGE = YES_ERROR;
				CLANG_WARN_EMPTY_BODY = YES;
				CLANG_WARN_ENUM_CONVERSION = YES;
				CLANG_WARN_INT_CONVERSION = YES;
				CLANG_WARN_OBJC_ROOT_CLASS = YES_ERROR;
				CLANG_WARN__DUPLICATE_METHOD_MATCH = YES;
				"CODE_SIGN_IDENTITY[sdk=iphoneos*]" = "iPhone Developer";
				COPY_PHASE_STRIP = NO;
				GCC_C_LANGUAGE_STANDARD = gnu99;
				GCC_DYNAMIC_NO_PIC = NO;
				GCC_OPTIMIZATION_LEVEL = 0;
				GCC_PREPROCESSOR_DEFINITIONS = (
					"DEBUG=1",
					"$(inherited)",
				);
				GCC_SYMBOLS_PRIVATE_EXTERN = NO;
				GCC_WARN_64_TO_32_BIT_CONVERSION = YES;
				GCC_WARN_ABOUT_RETURN_TYPE = YES_ERROR;
				GCC_WARN_UNDECLARED_SELECTOR = YES;
				GCC_WARN_UNINITIALIZED_AUTOS = YES_AGGRESSIVE;
				GCC_WARN_UNUSED_FUNCTION = YES;
				GCC_WARN_UNUSED_VARIABLE = YES;
				IPHONEOS_DEPLOYMENT_TARGET = 7.1;
				ONLY_ACTIVE_ARCH = YES;
				SDKROOT = iphoneos;
			};
			name = Debug;
		};
		A02FB86418FF2E9800C97AC6 /* Release */ = {
			isa = XCBuildConfiguration;
			buildSettings = {
				ALWAYS_SEARCH_USER_PATHS = NO;
				CLANG_CXX_LANGUAGE_STANDARD = "gnu++0x";
				CLANG_CXX_LIBRARY = "libc++";
				CLANG_ENABLE_MODULES = YES;
				CLANG_ENABLE_OBJC_ARC = YES;
				CLANG_WARN_BOOL_CONVERSION = YES;
				CLANG_WARN_CONSTANT_CONVERSION = YES;
				CLANG_WARN_DIRECT_OBJC_ISA_USAGE = YES_ERROR;
				CLANG_WARN_EMPTY_BODY = YES;
				CLANG_WARN_ENUM_CONVERSION = YES;
				CLANG_WARN_INT_CONVERSION = YES;
				CLANG_WARN_OBJC_ROOT_CLASS = YES_ERROR;
				CLANG_WARN__DUPLICATE_METHOD_MATCH = YES;
				"CODE_SIGN_IDENTITY[sdk=iphoneos*]" = "iPhone Developer";
				COPY_PHASE_STRIP = YES;
				ENABLE_NS_ASSERTIONS = NO;
				GCC_C_LANGUAGE_STANDARD = gnu99;
				GCC_WARN_64_TO_32_BIT_CONVERSION = YES;
				GCC_WARN_ABOUT_RETURN_TYPE = YES_ERROR;
				GCC_WARN_UNDECLARED_SELECTOR = YES;
				GCC_WARN_UNINITIALIZED_AUTOS = YES_AGGRESSIVE;
				GCC_WARN_UNUSED_FUNCTION = YES;
				GCC_WARN_UNUSED_VARIABLE = YES;
				IPHONEOS_DEPLOYMENT_TARGET = 7.1;
				SDKROOT = iphoneos;
				VALIDATE_PRODUCT = YES;
			};
			name = Release;
		};
		A02FB86618FF2E9800C97AC6 /* Debug */ = {
			isa = XCBuildConfiguration;
			buildSettings = {
				ASSETCATALOG_COMPILER_APPICON_NAME = AppIcon;
				ASSETCATALOG_COMPILER_LAUNCHIMAGE_NAME = LaunchImage;
				FRAMEWORK_SEARCH_PATHS = (
					"$(inherited)",
					"$(PROJECT_DIR)/TomatodoroTest",
				);
				GCC_PRECOMPILE_PREFIX_HEADER = YES;
				GCC_PREFIX_HEADER = "Tomatodoro/Tomatodoro-Prefix.pch";
				INFOPLIST_FILE = "Tomatodoro/Tomatodoro-Info.plist";
				PRODUCT_NAME = "$(TARGET_NAME)";
				WRAPPER_EXTENSION = app;
			};
			name = Debug;
		};
		A02FB86718FF2E9800C97AC6 /* Release */ = {
			isa = XCBuildConfiguration;
			buildSettings = {
				ASSETCATALOG_COMPILER_APPICON_NAME = AppIcon;
				ASSETCATALOG_COMPILER_LAUNCHIMAGE_NAME = LaunchImage;
				FRAMEWORK_SEARCH_PATHS = (
					"$(inherited)",
					"$(PROJECT_DIR)/TomatodoroTest",
				);
				GCC_PRECOMPILE_PREFIX_HEADER = YES;
				GCC_PREFIX_HEADER = "Tomatodoro/Tomatodoro-Prefix.pch";
				INFOPLIST_FILE = "Tomatodoro/Tomatodoro-Info.plist";
				PRODUCT_NAME = "$(TARGET_NAME)";
				WRAPPER_EXTENSION = app;
			};
			name = Release;
		};
/* End XCBuildConfiguration section */

/* Begin XCConfigurationList section */
		A01978781905E20000931A6B /* Build configuration list for PBXNativeTarget "TomatodoroTest" */ = {
			isa = XCConfigurationList;
			buildConfigurations = (
				A01978791905E20000931A6B /* Debug */,
				A019787A1905E20000931A6B /* Release */,
			);
			defaultConfigurationIsVisible = 0;
			defaultConfigurationName = Release;
		};
		A02FB83418FF2E9700C97AC6 /* Build configuration list for PBXProject "Tomatodoro" */ = {
			isa = XCConfigurationList;
			buildConfigurations = (
				A02FB86318FF2E9800C97AC6 /* Debug */,
				A02FB86418FF2E9800C97AC6 /* Release */,
			);
			defaultConfigurationIsVisible = 0;
			defaultConfigurationName = Release;
		};
		A02FB86518FF2E9800C97AC6 /* Build configuration list for PBXNativeTarget "Tomatodoro" */ = {
			isa = XCConfigurationList;
			buildConfigurations = (
				A02FB86618FF2E9800C97AC6 /* Debug */,
				A02FB86718FF2E9800C97AC6 /* Release */,
			);
			defaultConfigurationIsVisible = 0;
			defaultConfigurationName = Release;
		};
/* End XCConfigurationList section */
	};
	rootObject = A02FB83118FF2E9700C97AC6 /* Project object */;
}
